// !$*UTF8*$!
{
	archiveVersion = 1;
	classes = {
	};
	objectVersion = 77;
	objects = {

/* Begin PBXBuildFile section */
		BA2146FA2DBAB92500189CEA /* Kingfisher in Frameworks */ = {isa = PBXBuildFile; productRef = BA2146F92DBAB92500189CEA /* Kingfisher */; };
		BA2147132DBBB79200189CEA /* Kingfisher in Frameworks */ = {isa = PBXBuildFile; productRef = BA2147122DBBB79200189CEA /* Kingfisher */; };
/* End PBXBuildFile section */

/* Begin PBXContainerItemProxy section */
		BA2580BD2DB9280200C1832B /* PBXContainerItemProxy */ = {
			isa = PBXContainerItemProxy;
			containerPortal = BA25809E2DB927FF00C1832B /* Project object */;
			proxyType = 1;
			remoteGlobalIDString = BA2580A52DB927FF00C1832B;
			remoteInfo = "Hopefully Good News";
		};
		BA2580C72DB9280200C1832B /* PBXContainerItemProxy */ = {
			isa = PBXContainerItemProxy;
			containerPortal = BA25809E2DB927FF00C1832B /* Project object */;
			proxyType = 1;
			remoteGlobalIDString = BA2580A52DB927FF00C1832B;
			remoteInfo = "Hopefully Good News";
		};
/* End PBXContainerItemProxy section */

/* Begin PBXFileReference section */
		BA2580A62DB927FF00C1832B /* Hopefully Good News.app */ = {isa = PBXFileReference; explicitFileType = wrapper.application; includeInIndex = 0; path = "Hopefully Good News.app"; sourceTree = BUILT_PRODUCTS_DIR; };
		BA2580BC2DB9280200C1832B /* Hopefully Good NewsTests.xctest */ = {isa = PBXFileReference; explicitFileType = wrapper.cfbundle; includeInIndex = 0; path = "Hopefully Good NewsTests.xctest"; sourceTree = BUILT_PRODUCTS_DIR; };
		BA2580C62DB9280200C1832B /* Hopefully Good NewsUITests.xctest */ = {isa = PBXFileReference; explicitFileType = wrapper.cfbundle; includeInIndex = 0; path = "Hopefully Good NewsUITests.xctest"; sourceTree = BUILT_PRODUCTS_DIR; };
/* End PBXFileReference section */

/* Begin PBXFileSystemSynchronizedBuildFileExceptionSet section */
		BA2580EF2DB92A9100C1832B /* Exceptions for "Hopefully Good News" folder in "Hopefully Good NewsTests" target */ = {
			isa = PBXFileSystemSynchronizedBuildFileExceptionSet;
			membershipExceptions = (
				Scenes/NewsList/Cells/NewsListCell/NewsListCell.swift,
				Scenes/NewsList/Cells/NewsListCell/NewsListCell.xib,
				Scenes/NewsList/Cells/NewsListCell/NewsListCellModel.swift,
			);
			target = BA2580BB2DB9280200C1832B /* Hopefully Good NewsTests */;
		};
		BA2580F02DB92A9100C1832B /* Exceptions for "Hopefully Good News" folder in "Hopefully Good NewsUITests" target */ = {
			isa = PBXFileSystemSynchronizedBuildFileExceptionSet;
			membershipExceptions = (
				Scenes/NewsList/Cells/NewsListCell/NewsListCell.swift,
				Scenes/NewsList/Cells/NewsListCell/NewsListCell.xib,
				Scenes/NewsList/Cells/NewsListCell/NewsListCellModel.swift,
			);
			target = BA2580C52DB9280200C1832B /* Hopefully Good NewsUITests */;
		};
		BAD079322DB93EAD00F23034 /* Exceptions for "Hopefully Good News" folder in "Hopefully Good News" target */ = {
			isa = PBXFileSystemSynchronizedBuildFileExceptionSet;
			membershipExceptions = (
				Info.plist,
			);
			target = BA2580A52DB927FF00C1832B /* Hopefully Good News */;
		};
/* End PBXFileSystemSynchronizedBuildFileExceptionSet section */

/* Begin PBXFileSystemSynchronizedRootGroup section */
		BA2580A82DB927FF00C1832B /* Hopefully Good News */ = {
			isa = PBXFileSystemSynchronizedRootGroup;
			exceptions = (
				BAD079322DB93EAD00F23034 /* Exceptions for "Hopefully Good News" folder in "Hopefully Good News" target */,
				BA2580EF2DB92A9100C1832B /* Exceptions for "Hopefully Good News" folder in "Hopefully Good NewsTests" target */,
				BA2580F02DB92A9100C1832B /* Exceptions for "Hopefully Good News" folder in "Hopefully Good NewsUITests" target */,
			);
			path = "Hopefully Good News";
			sourceTree = "<group>";
		};
		BA2580BF2DB9280200C1832B /* Hopefully Good NewsTests */ = {
			isa = PBXFileSystemSynchronizedRootGroup;
			path = "Hopefully Good NewsTests";
			sourceTree = "<group>";
		};
		BA2580C92DB9280200C1832B /* Hopefully Good NewsUITests */ = {
			isa = PBXFileSystemSynchronizedRootGroup;
			path = "Hopefully Good NewsUITests";
			sourceTree = "<group>";
		};
/* End PBXFileSystemSynchronizedRootGroup section */

/* Begin PBXFrameworksBuildPhase section */
		BA2580A32DB927FF00C1832B /* Frameworks */ = {
			isa = PBXFrameworksBuildPhase;
			buildActionMask = 2147483647;
			files = (
				BA2147132DBBB79200189CEA /* Kingfisher in Frameworks */,
				BA2146FA2DBAB92500189CEA /* Kingfisher in Frameworks */,
			);
			runOnlyForDeploymentPostprocessing = 0;
		};
		BA2580B92DB9280200C1832B /* Frameworks */ = {
			isa = PBXFrameworksBuildPhase;
			buildActionMask = 2147483647;
			files = (
			);
			runOnlyForDeploymentPostprocessing = 0;
		};
		BA2580C32DB9280200C1832B /* Frameworks */ = {
			isa = PBXFrameworksBuildPhase;
			buildActionMask = 2147483647;
			files = (
			);
			runOnlyForDeploymentPostprocessing = 0;
		};
/* End PBXFrameworksBuildPhase section */

/* Begin PBXGroup section */
		BA25809D2DB927FF00C1832B = {
			isa = PBXGroup;
			children = (
				BA2580A82DB927FF00C1832B /* Hopefully Good News */,
				BA2580BF2DB9280200C1832B /* Hopefully Good NewsTests */,
				BA2580C92DB9280200C1832B /* Hopefully Good NewsUITests */,
				BA2580A72DB927FF00C1832B /* Products */,
			);
			sourceTree = "<group>";
		};
		BA2580A72DB927FF00C1832B /* Products */ = {
			isa = PBXGroup;
			children = (
				BA2580A62DB927FF00C1832B /* Hopefully Good News.app */,
				BA2580BC2DB9280200C1832B /* Hopefully Good NewsTests.xctest */,
				BA2580C62DB9280200C1832B /* Hopefully Good NewsUITests.xctest */,
			);
			name = Products;
			sourceTree = "<group>";
		};
/* End PBXGroup section */

/* Begin PBXNativeTarget section */
		BA2580A52DB927FF00C1832B /* Hopefully Good News */ = {
			isa = PBXNativeTarget;
			buildConfigurationList = BA2580CF2DB9280200C1832B /* Build configuration list for PBXNativeTarget "Hopefully Good News" */;
			buildPhases = (
				BA2580A22DB927FF00C1832B /* Sources */,
				BA2580A32DB927FF00C1832B /* Frameworks */,
				BA2580A42DB927FF00C1832B /* Resources */,
			);
			buildRules = (
			);
			dependencies = (
			);
			fileSystemSynchronizedGroups = (
				BA2580A82DB927FF00C1832B /* Hopefully Good News */,
			);
			name = "Hopefully Good News";
			packageProductDependencies = (
				BA2146F92DBAB92500189CEA /* Kingfisher */,
				BA2147122DBBB79200189CEA /* Kingfisher */,
			);
			productName = "Hopefully Good News";
			productReference = BA2580A62DB927FF00C1832B /* Hopefully Good News.app */;
			productType = "com.apple.product-type.application";
		};
		BA2580BB2DB9280200C1832B /* Hopefully Good NewsTests */ = {
			isa = PBXNativeTarget;
			buildConfigurationList = BA2580D42DB9280200C1832B /* Build configuration list for PBXNativeTarget "Hopefully Good NewsTests" */;
			buildPhases = (
				BA2580B82DB9280200C1832B /* Sources */,
				BA2580B92DB9280200C1832B /* Frameworks */,
				BA2580BA2DB9280200C1832B /* Resources */,
			);
			buildRules = (
			);
			dependencies = (
				BA2580BE2DB9280200C1832B /* PBXTargetDependency */,
			);
			fileSystemSynchronizedGroups = (
				BA2580BF2DB9280200C1832B /* Hopefully Good NewsTests */,
			);
			name = "Hopefully Good NewsTests";
			packageProductDependencies = (
			);
			productName = "Hopefully Good NewsTests";
			productReference = BA2580BC2DB9280200C1832B /* Hopefully Good NewsTests.xctest */;
			productType = "com.apple.product-type.bundle.unit-test";
		};
		BA2580C52DB9280200C1832B /* Hopefully Good NewsUITests */ = {
			isa = PBXNativeTarget;
			buildConfigurationList = BA2580D72DB9280200C1832B /* Build configuration list for PBXNativeTarget "Hopefully Good NewsUITests" */;
			buildPhases = (
				BA2580C22DB9280200C1832B /* Sources */,
				BA2580C32DB9280200C1832B /* Frameworks */,
				BA2580C42DB9280200C1832B /* Resources */,
			);
			buildRules = (
			);
			dependencies = (
				BA2580C82DB9280200C1832B /* PBXTargetDependency */,
			);
			fileSystemSynchronizedGroups = (
				BA2580C92DB9280200C1832B /* Hopefully Good NewsUITests */,
			);
			name = "Hopefully Good NewsUITests";
			packageProductDependencies = (
			);
			productName = "Hopefully Good NewsUITests";
			productReference = BA2580C62DB9280200C1832B /* Hopefully Good NewsUITests.xctest */;
			productType = "com.apple.product-type.bundle.ui-testing";
		};
/* End PBXNativeTarget section */

/* Begin PBXProject section */
		BA25809E2DB927FF00C1832B /* Project object */ = {
			isa = PBXProject;
			attributes = {
				BuildIndependentTargetsInParallel = 1;
				LastSwiftUpdateCheck = 1630;
				LastUpgradeCheck = 1630;
				TargetAttributes = {
					BA2580A52DB927FF00C1832B = {
						CreatedOnToolsVersion = 16.3;
					};
					BA2580BB2DB9280200C1832B = {
						CreatedOnToolsVersion = 16.3;
						TestTargetID = BA2580A52DB927FF00C1832B;
					};
					BA2580C52DB9280200C1832B = {
						CreatedOnToolsVersion = 16.3;
						TestTargetID = BA2580A52DB927FF00C1832B;
					};
				};
			};
			buildConfigurationList = BA2580A12DB927FF00C1832B /* Build configuration list for PBXProject "Hopefully Good News" */;
			developmentRegion = en;
			hasScannedForEncodings = 0;
			knownRegions = (
				en,
				Base,
			);
			mainGroup = BA25809D2DB927FF00C1832B;
			minimizedProjectReferenceProxies = 1;
			packageReferences = (
				BA2147112DBBB79200189CEA /* XCRemoteSwiftPackageReference "Kingfisher" */,
			);
			preferredProjectObjectVersion = 77;
			productRefGroup = BA2580A72DB927FF00C1832B /* Products */;
			projectDirPath = "";
			projectRoot = "";
			targets = (
				BA2580A52DB927FF00C1832B /* Hopefully Good News */,
				BA2580BB2DB9280200C1832B /* Hopefully Good NewsTests */,
				BA2580C52DB9280200C1832B /* Hopefully Good NewsUITests */,
			);
		};
/* End PBXProject section */

/* Begin PBXResourcesBuildPhase section */
		BA2580A42DB927FF00C1832B /* Resources */ = {
			isa = PBXResourcesBuildPhase;
			buildActionMask = 2147483647;
			files = (
			);
			runOnlyForDeploymentPostprocessing = 0;
		};
		BA2580BA2DB9280200C1832B /* Resources */ = {
			isa = PBXResourcesBuildPhase;
			buildActionMask = 2147483647;
			files = (
			);
			runOnlyForDeploymentPostprocessing = 0;
		};
		BA2580C42DB9280200C1832B /* Resources */ = {
			isa = PBXResourcesBuildPhase;
			buildActionMask = 2147483647;
			files = (
			);
			runOnlyForDeploymentPostprocessing = 0;
		};
/* End PBXResourcesBuildPhase section */

/* Begin PBXSourcesBuildPhase section */
		BA2580A22DB927FF00C1832B /* Sources */ = {
			isa = PBXSourcesBuildPhase;
			buildActionMask = 2147483647;
			files = (
			);
			runOnlyForDeploymentPostprocessing = 0;
		};
		BA2580B82DB9280200C1832B /* Sources */ = {
			isa = PBXSourcesBuildPhase;
			buildActionMask = 2147483647;
			files = (
			);
			runOnlyForDeploymentPostprocessing = 0;
		};
		BA2580C22DB9280200C1832B /* Sources */ = {
			isa = PBXSourcesBuildPhase;
			buildActionMask = 2147483647;
			files = (
			);
			runOnlyForDeploymentPostprocessing = 0;
		};
/* End PBXSourcesBuildPhase section */

/* Begin PBXTargetDependency section */
		BA2580BE2DB9280200C1832B /* PBXTargetDependency */ = {
			isa = PBXTargetDependency;
			target = BA2580A52DB927FF00C1832B /* Hopefully Good News */;
			targetProxy = BA2580BD2DB9280200C1832B /* PBXContainerItemProxy */;
		};
		BA2580C82DB9280200C1832B /* PBXTargetDependency */ = {
			isa = PBXTargetDependency;
			target = BA2580A52DB927FF00C1832B /* Hopefully Good News */;
			targetProxy = BA2580C72DB9280200C1832B /* PBXContainerItemProxy */;
		};
/* End PBXTargetDependency section */

/* Begin XCBuildConfiguration section */
		BA2580D02DB9280200C1832B /* Debug */ = {
			isa = XCBuildConfiguration;
			buildSettings = {
				ASSETCATALOG_COMPILER_APPICON_NAME = AppIcon;
				ASSETCATALOG_COMPILER_GLOBAL_ACCENT_COLOR_NAME = AccentColor;
				CODE_SIGN_IDENTITY = "Apple Development";
				CODE_SIGN_STYLE = Automatic;
				CURRENT_PROJECT_VERSION = 1;
				DEVELOPMENT_TEAM = 469549YA8R;
				GENERATE_INFOPLIST_FILE = YES;
				INFOPLIST_FILE = "Hopefully Good News/Info.plist";
				INFOPLIST_KEY_CFBundleDisplayName = News;
				INFOPLIST_KEY_UIApplicationSupportsIndirectInputEvents = YES;
				INFOPLIST_KEY_UILaunchStoryboardName = LaunchScreen;
				INFOPLIST_KEY_UISupportedInterfaceOrientations_iPad = "UIInterfaceOrientationPortrait UIInterfaceOrientationPortraitUpsideDown UIInterfaceOrientationLandscapeLeft UIInterfaceOrientationLandscapeRight";
				INFOPLIST_KEY_UISupportedInterfaceOrientations_iPhone = "UIInterfaceOrientationPortrait UIInterfaceOrientationLandscapeLeft UIInterfaceOrientationLandscapeRight";
				IPHONEOS_DEPLOYMENT_TARGET = 18.2;
				LD_RUNPATH_SEARCH_PATHS = (
					"$(inherited)",
					"@executable_path/Frameworks",
				);
				MARKETING_VERSION = 1.0;
				PRODUCT_BUNDLE_IDENTIFIER = dev.mehmet.HopefullyGoodNews;
				PRODUCT_NAME = "$(TARGET_NAME)";
				PROVISIONING_PROFILE_SPECIFIER = "";
				SWIFT_EMIT_LOC_STRINGS = YES;
				SWIFT_VERSION = 5.0;
				TARGETED_DEVICE_FAMILY = "1,2";
			};
			name = Debug;
		};
		BA2580D12DB9280200C1832B /* Release */ = {
			isa = XCBuildConfiguration;
			buildSettings = {
				ASSETCATALOG_COMPILER_APPICON_NAME = AppIcon;
				ASSETCATALOG_COMPILER_GLOBAL_ACCENT_COLOR_NAME = AccentColor;
				CODE_SIGN_IDENTITY = "Apple Development";
				CODE_SIGN_STYLE = Automatic;
				CURRENT_PROJECT_VERSION = 1;
				DEVELOPMENT_TEAM = 469549YA8R;
				GENERATE_INFOPLIST_FILE = YES;
				INFOPLIST_FILE = "Hopefully Good News/Info.plist";
				INFOPLIST_KEY_CFBundleDisplayName = News;
				INFOPLIST_KEY_UIApplicationSupportsIndirectInputEvents = YES;
				INFOPLIST_KEY_UILaunchStoryboardName = LaunchScreen;
				INFOPLIST_KEY_UISupportedInterfaceOrientations_iPad = "UIInterfaceOrientationPortrait UIInterfaceOrientationPortraitUpsideDown UIInterfaceOrientationLandscapeLeft UIInterfaceOrientationLandscapeRight";
				INFOPLIST_KEY_UISupportedInterfaceOrientations_iPhone = "UIInterfaceOrientationPortrait UIInterfaceOrientationLandscapeLeft UIInterfaceOrientationLandscapeRight";
				IPHONEOS_DEPLOYMENT_TARGET = 18.2;
				LD_RUNPATH_SEARCH_PATHS = (
					"$(inherited)",
					"@executable_path/Frameworks",
				);
				MARKETING_VERSION = 1.0;
				PRODUCT_BUNDLE_IDENTIFIER = dev.mehmet.HopefullyGoodNews;
				PRODUCT_NAME = "$(TARGET_NAME)";
				PROVISIONING_PROFILE_SPECIFIER = "";
				SWIFT_EMIT_LOC_STRINGS = YES;
				SWIFT_VERSION = 5.0;
				TARGETED_DEVICE_FAMILY = "1,2";
			};
			name = Release;
		};
		BA2580D22DB9280200C1832B /* Debug */ = {
			isa = XCBuildConfiguration;
			buildSettings = {
				ALWAYS_SEARCH_USER_PATHS = NO;
				ASSETCATALOG_COMPILER_GENERATE_SWIFT_ASSET_SYMBOL_EXTENSIONS = YES;
				CLANG_ANALYZER_NONNULL = YES;
				CLANG_ANALYZER_NUMBER_OBJECT_CONVERSION = YES_AGGRESSIVE;
				CLANG_CXX_LANGUAGE_STANDARD = "gnu++20";
				CLANG_ENABLE_MODULES = YES;
				CLANG_ENABLE_OBJC_ARC = YES;
				CLANG_ENABLE_OBJC_WEAK = YES;
				CLANG_WARN_BLOCK_CAPTURE_AUTORELEASING = YES;
				CLANG_WARN_BOOL_CONVERSION = YES;
				CLANG_WARN_COMMA = YES;
				CLANG_WARN_CONSTANT_CONVERSION = YES;
				CLANG_WARN_DEPRECATED_OBJC_IMPLEMENTATIONS = YES;
				CLANG_WARN_DIRECT_OBJC_ISA_USAGE = YES_ERROR;
				CLANG_WARN_DOCUMENTATION_COMMENTS = YES;
				CLANG_WARN_EMPTY_BODY = YES;
				CLANG_WARN_ENUM_CONVERSION = YES;
				CLANG_WARN_INFINITE_RECURSION = YES;
				CLANG_WARN_INT_CONVERSION = YES;
				CLANG_WARN_NON_LITERAL_NULL_CONVERSION = YES;
				CLANG_WARN_OBJC_IMPLICIT_RETAIN_SELF = YES;
				CLANG_WARN_OBJC_LITERAL_CONVERSION = YES;
				CLANG_WARN_OBJC_ROOT_CLASS = YES_ERROR;
				CLANG_WARN_QUOTED_INCLUDE_IN_FRAMEWORK_HEADER = YES;
				CLANG_WARN_RANGE_LOOP_ANALYSIS = YES;
				CLANG_WARN_STRICT_PROTOTYPES = YES;
				CLANG_WARN_SUSPICIOUS_MOVE = YES;
				CLANG_WARN_UNGUARDED_AVAILABILITY = YES_AGGRESSIVE;
				CLANG_WARN_UNREACHABLE_CODE = YES;
				CLANG_WARN__DUPLICATE_METHOD_MATCH = YES;
				COPY_PHASE_STRIP = NO;
				DEBUG_INFORMATION_FORMAT = dwarf;
				DEVELOPMENT_TEAM = QQKKTUA822;
				ENABLE_STRICT_OBJC_MSGSEND = YES;
				ENABLE_TESTABILITY = YES;
				ENABLE_USER_SCRIPT_SANDBOXING = YES;
				GCC_C_LANGUAGE_STANDARD = gnu17;
				GCC_DYNAMIC_NO_PIC = NO;
				GCC_NO_COMMON_BLOCKS = YES;
				GCC_OPTIMIZATION_LEVEL = 0;
				GCC_PREPROCESSOR_DEFINITIONS = (
					"DEBUG=1",
					"$(inherited)",
				);
				GCC_WARN_64_TO_32_BIT_CONVERSION = YES;
				GCC_WARN_ABOUT_RETURN_TYPE = YES_ERROR;
				GCC_WARN_UNDECLARED_SELECTOR = YES;
				GCC_WARN_UNINITIALIZED_AUTOS = YES_AGGRESSIVE;
				GCC_WARN_UNUSED_FUNCTION = YES;
				GCC_WARN_UNUSED_VARIABLE = YES;
				IPHONEOS_DEPLOYMENT_TARGET = 18.4;
				LOCALIZATION_PREFERS_STRING_CATALOGS = YES;
				MTL_ENABLE_DEBUG_INFO = INCLUDE_SOURCE;
				MTL_FAST_MATH = YES;
				ONLY_ACTIVE_ARCH = YES;
				SDKROOT = iphoneos;
				SWIFT_ACTIVE_COMPILATION_CONDITIONS = "DEBUG $(inherited)";
				SWIFT_OPTIMIZATION_LEVEL = "-Onone";
			};
			name = Debug;
		};
		BA2580D32DB9280200C1832B /* Release */ = {
			isa = XCBuildConfiguration;
			buildSettings = {
				ALWAYS_SEARCH_USER_PATHS = NO;
				ASSETCATALOG_COMPILER_GENERATE_SWIFT_ASSET_SYMBOL_EXTENSIONS = YES;
				CLANG_ANALYZER_NONNULL = YES;
				CLANG_ANALYZER_NUMBER_OBJECT_CONVERSION = YES_AGGRESSIVE;
				CLANG_CXX_LANGUAGE_STANDARD = "gnu++20";
				CLANG_ENABLE_MODULES = YES;
				CLANG_ENABLE_OBJC_ARC = YES;
				CLANG_ENABLE_OBJC_WEAK = YES;
				CLANG_WARN_BLOCK_CAPTURE_AUTORELEASING = YES;
				CLANG_WARN_BOOL_CONVERSION = YES;
				CLANG_WARN_COMMA = YES;
				CLANG_WARN_CONSTANT_CONVERSION = YES;
				CLANG_WARN_DEPRECATED_OBJC_IMPLEMENTATIONS = YES;
				CLANG_WARN_DIRECT_OBJC_ISA_USAGE = YES_ERROR;
				CLANG_WARN_DOCUMENTATION_COMMENTS = YES;
				CLANG_WARN_EMPTY_BODY = YES;
				CLANG_WARN_ENUM_CONVERSION = YES;
				CLANG_WARN_INFINITE_RECURSION = YES;
				CLANG_WARN_INT_CONVERSION = YES;
				CLANG_WARN_NON_LITERAL_NULL_CONVERSION = YES;
				CLANG_WARN_OBJC_IMPLICIT_RETAIN_SELF = YES;
				CLANG_WARN_OBJC_LITERAL_CONVERSION = YES;
				CLANG_WARN_OBJC_ROOT_CLASS = YES_ERROR;
				CLANG_WARN_QUOTED_INCLUDE_IN_FRAMEWORK_HEADER = YES;
				CLANG_WARN_RANGE_LOOP_ANALYSIS = YES;
				CLANG_WARN_STRICT_PROTOTYPES = YES;
				CLANG_WARN_SUSPICIOUS_MOVE = YES;
				CLANG_WARN_UNGUARDED_AVAILABILITY = YES_AGGRESSIVE;
				CLANG_WARN_UNREACHABLE_CODE = YES;
				CLANG_WARN__DUPLICATE_METHOD_MATCH = YES;
				COPY_PHASE_STRIP = NO;
				DEBUG_INFORMATION_FORMAT = "dwarf-with-dsym";
				DEVELOPMENT_TEAM = QQKKTUA822;
				ENABLE_NS_ASSERTIONS = NO;
				ENABLE_STRICT_OBJC_MSGSEND = YES;
				ENABLE_USER_SCRIPT_SANDBOXING = YES;
				GCC_C_LANGUAGE_STANDARD = gnu17;
				GCC_NO_COMMON_BLOCKS = YES;
				GCC_WARN_64_TO_32_BIT_CONVERSION = YES;
				GCC_WARN_ABOUT_RETURN_TYPE = YES_ERROR;
				GCC_WARN_UNDECLARED_SELECTOR = YES;
				GCC_WARN_UNINITIALIZED_AUTOS = YES_AGGRESSIVE;
				GCC_WARN_UNUSED_FUNCTION = YES;
				GCC_WARN_UNUSED_VARIABLE = YES;
				IPHONEOS_DEPLOYMENT_TARGET = 18.4;
				LOCALIZATION_PREFERS_STRING_CATALOGS = YES;
				MTL_ENABLE_DEBUG_INFO = NO;
				MTL_FAST_MATH = YES;
				SDKROOT = iphoneos;
				SWIFT_COMPILATION_MODE = wholemodule;
				VALIDATE_PRODUCT = YES;
			};
			name = Release;
		};
		BA2580D52DB9280200C1832B /* Debug */ = {
			isa = XCBuildConfiguration;
			buildSettings = {
				BUNDLE_LOADER = "$(TEST_HOST)";
				CODE_SIGN_STYLE = Automatic;
				CURRENT_PROJECT_VERSION = 1;
				DEVELOPMENT_TEAM = QQKKTUA822;
				GENERATE_INFOPLIST_FILE = YES;
				IPHONEOS_DEPLOYMENT_TARGET = 18.4;
				MARKETING_VERSION = 1.0;
				PRODUCT_BUNDLE_IDENTIFIER = "dev.mehmet.Hopefully-Good-NewsTests";
				PRODUCT_NAME = "$(TARGET_NAME)";
				SWIFT_EMIT_LOC_STRINGS = NO;
				SWIFT_VERSION = 5.0;
				TARGETED_DEVICE_FAMILY = "1,2";
				TEST_HOST = "$(BUILT_PRODUCTS_DIR)/Hopefully Good News.app/$(BUNDLE_EXECUTABLE_FOLDER_PATH)/Hopefully Good News";
			};
			name = Debug;
		};
		BA2580D62DB9280200C1832B /* Release */ = {
			isa = XCBuildConfiguration;
			buildSettings = {
				BUNDLE_LOADER = "$(TEST_HOST)";
				CODE_SIGN_STYLE = Automatic;
				CURRENT_PROJECT_VERSION = 1;
				DEVELOPMENT_TEAM = QQKKTUA822;
				GENERATE_INFOPLIST_FILE = YES;
				IPHONEOS_DEPLOYMENT_TARGET = 18.4;
				MARKETING_VERSION = 1.0;
				PRODUCT_BUNDLE_IDENTIFIER = "dev.mehmet.Hopefully-Good-NewsTests";
				PRODUCT_NAME = "$(TARGET_NAME)";
				SWIFT_EMIT_LOC_STRINGS = NO;
				SWIFT_VERSION = 5.0;
				TARGETED_DEVICE_FAMILY = "1,2";
				TEST_HOST = "$(BUILT_PRODUCTS_DIR)/Hopefully Good News.app/$(BUNDLE_EXECUTABLE_FOLDER_PATH)/Hopefully Good News";
			};
			name = Release;
		};
		BA2580D82DB9280200C1832B /* Debug */ = {
			isa = XCBuildConfiguration;
			buildSettings = {
				CODE_SIGN_STYLE = Automatic;
				CURRENT_PROJECT_VERSION = 1;
				DEVELOPMENT_TEAM = QQKKTUA822;
				GENERATE_INFOPLIST_FILE = YES;
				MARKETING_VERSION = 1.0;
				PRODUCT_BUNDLE_IDENTIFIER = "dev.mehmet.Hopefully-Good-NewsUITests";
				PRODUCT_NAME = "$(TARGET_NAME)";
				SWIFT_EMIT_LOC_STRINGS = NO;
				SWIFT_VERSION = 5.0;
				TARGETED_DEVICE_FAMILY = "1,2";
				TEST_TARGET_NAME = "Hopefully Good News";
			};
			name = Debug;
		};
		BA2580D92DB9280200C1832B /* Release */ = {
			isa = XCBuildConfiguration;
			buildSettings = {
				CODE_SIGN_STYLE = Automatic;
				CURRENT_PROJECT_VERSION = 1;
				DEVELOPMENT_TEAM = QQKKTUA822;
				GENERATE_INFOPLIST_FILE = YES;
				MARKETING_VERSION = 1.0;
				PRODUCT_BUNDLE_IDENTIFIER = "dev.mehmet.Hopefully-Good-NewsUITests";
				PRODUCT_NAME = "$(TARGET_NAME)";
				SWIFT_EMIT_LOC_STRINGS = NO;
				SWIFT_VERSION = 5.0;
				TARGETED_DEVICE_FAMILY = "1,2";
				TEST_TARGET_NAME = "Hopefully Good News";
			};
			name = Release;
		};
/* End XCBuildConfiguration section */

/* Begin XCConfigurationList section */
		BA2580A12DB927FF00C1832B /* Build configuration list for PBXProject "Hopefully Good News" */ = {
			isa = XCConfigurationList;
			buildConfigurations = (
				BA2580D22DB9280200C1832B /* Debug */,
				BA2580D32DB9280200C1832B /* Release */,
			);
			defaultConfigurationIsVisible = 0;
			defaultConfigurationName = Release;
		};
		BA2580CF2DB9280200C1832B /* Build configuration list for PBXNativeTarget "Hopefully Good News" */ = {
			isa = XCConfigurationList;
			buildConfigurations = (
				BA2580D02DB9280200C1832B /* Debug */,
				BA2580D12DB9280200C1832B /* Release */,
			);
			defaultConfigurationIsVisible = 0;
			defaultConfigurationName = Release;
		};
		BA2580D42DB9280200C1832B /* Build configuration list for PBXNativeTarget "Hopefully Good NewsTests" */ = {
			isa = XCConfigurationList;
			buildConfigurations = (
				BA2580D52DB9280200C1832B /* Debug */,
				BA2580D62DB9280200C1832B /* Release */,
			);
			defaultConfigurationIsVisible = 0;
			defaultConfigurationName = Release;
		};
		BA2580D72DB9280200C1832B /* Build configuration list for PBXNativeTarget "Hopefully Good NewsUITests" */ = {
			isa = XCConfigurationList;
			buildConfigurations = (
				BA2580D82DB9280200C1832B /* Debug */,
				BA2580D92DB9280200C1832B /* Release */,
			);
			defaultConfigurationIsVisible = 0;
			defaultConfigurationName = Release;
		};
/* End XCConfigurationList section */

/* Begin XCRemoteSwiftPackageReference section */
		BA2147112DBBB79200189CEA /* XCRemoteSwiftPackageReference "Kingfisher" */ = {
			isa = XCRemoteSwiftPackageReference;
			repositoryURL = "https://github.com/onevcat/Kingfisher.git";
			requirement = {
				branch = master;
				kind = branch;
			};
		};
/* End XCRemoteSwiftPackageReference section */

/* Begin XCSwiftPackageProductDependency section */
		BA2146F92DBAB92500189CEA /* Kingfisher */ = {
			isa = XCSwiftPackageProductDependency;
			productName = Kingfisher;
		};
		BA2147122DBBB79200189CEA /* Kingfisher */ = {
			isa = XCSwiftPackageProductDependency;
			package = BA2147112DBBB79200189CEA /* XCRemoteSwiftPackageReference "Kingfisher" */;
			productName = Kingfisher;
		};
/* End XCSwiftPackageProductDependency section */
	};
	rootObject = BA25809E2DB927FF00C1832B /* Project object */;
}
